
Microsoft Visual Studio Solution File, Format Version 12.00
# Visual Studio Version 16
VisualStudioVersion = 16.0.29201.188
MinimumVisualStudioVersion = 10.0.40219.1
Project("{FAE04EC0-301F-11D3-BF4B-00C04F79EFBC}") = "DotNetUniversalPatcher", "DotNetUniversalPatcher\DotNetUniversalPatcher.csproj", "{1746C06C-60F8-4BCB-8CE6-8430D1392B2E}"
EndProject
Global
	GlobalSection(SolutionConfigurationPlatforms) = preSolution
		Debug|Any CPU = Debug|Any CPU
		Release|Any CPU = Release|Any CPU
	EndGlobalSection
	GlobalSection(ProjectConfigurationPlatforms) = postSolution
		{1746C06C-60F8-4BCB-8CE6-8430D1392B2E}.Debug|Any CPU.ActiveCfg = Debug|Any CPU
		{1746C06C-60F8-4BCB-8CE6-8430D1392B2E}.Debug|Any CPU.Build.0 = Debug|Any CPU
		{1746C06C-60F8-4BCB-8CE6-8430D1392B2E}.Release|Any CPU.ActiveCfg = Release|Any CPU
		{1746C06C-60F8-4BCB-8CE6-8430D1392B2E}.Release|Any CPU.Build.0 = Release|Any CPU
	EndGlobalSection
	GlobalSection(SolutionProperties) = preSolution
		HideSolutionNode = FALSE
	EndGlobalSection
	GlobalSection(ExtensibilityGlobals) = postSolution
		SolutionGuid = {3449FFFD-244C-4A35-A811-2314984D8D98}
	EndGlobalSection
EndGlobal
